<?xml version="1.0" encoding="utf-8"?>
<Project ToolsVersion="4.0" xmlns="http://schemas.microsoft.com/developer/msbuild/2003">
  <ItemGroup>
    <Filter Include="Source Files">
      <UniqueIdentifier>{4FC737F1-C7A5-4376-A066-2A32D752A2FF}</UniqueIdentifier>
      <Extensions>cpp;c;cc;cxx;def;odl;idl;hpj;bat;asm;asmx</Extensions>
    </Filter>
    <Filter Include="Source Files\General">
      <UniqueIdentifier>{568e05a5-c173-4210-86c8-fa0f1921a1b8}</UniqueIdentifier>
    </Filter>
    <Filter Include="Source Files\Assets">
      <UniqueIdentifier>{6096495d-c231-457d-8619-592a21809afb}</UniqueIdentifier>
    </Filter>
    <Filter Include="Source Files\Assets\expat">
      <UniqueIdentifier>{581c1638-99eb-4755-90b3-2cd57013ec25}</UniqueIdentifier>
    </Filter>
    <Filter Include="Source Files\Lua">
      <UniqueIdentifier>{d5531b2c-3950-4a65-8c9c-ed88db3456c0}</UniqueIdentifier>
    </Filter>
    <Filter Include="Header Files">
      <UniqueIdentifier>{93995380-89BD-4b04-88EB-625FBE52EBFB}</UniqueIdentifier>
      <Extensions>h;hpp;hxx;hm;inl;inc;xsd</Extensions>
    </Filter>
    <Filter Include="Header Files\General">
      <UniqueIdentifier>{839790b0-b1f5-4752-85c8-88b25412f016}</UniqueIdentifier>
    </Filter>
    <Filter Include="Header Files\Assets">
      <UniqueIdentifier>{1c295c37-d49c-426d-b307-34c6dab50487}</UniqueIdentifier>
    </Filter>
    <Filter Include="Header Files\Assets\expat">
      <UniqueIdentifier>{6217c392-52d9-4064-9caa-77c6bd8dc9ff}</UniqueIdentifier>
    </Filter>
    <Filter Include="Header Files\Lua">
      <UniqueIdentifier>{3765664a-5d7d-41f7-a979-7d4bcafe2552}</UniqueIdentifier>
    </Filter>
    <Filter Include="Resource Files">
      <UniqueIdentifier>{67DA6AB6-F800-4c08-8B7A-83BB121AAD01}</UniqueIdentifier>
      <Extensions>rc;ico;cur;bmp;dlg;rc2;rct;bin;rgs;gif;jpg;jpeg;jpe;resx;tiff;tif;png;wav</Extensions>
    </Filter>
  </ItemGroup>
  <ItemGroup>
    <ClCompile Include="builtins.cpp">
      <Filter>Source Files</Filter>
    </ClCompile>
    <ClCompile Include="main.cpp">
      <Filter>Source Files</Filter>
    </ClCompile>
    <ClCompile Include="Mod.cpp">
      <Filter>Source Files</Filter>
    </ClCompile>
    <ClCompile Include="Tags.cpp">
      <Filter>Source Files</Filter>
    </ClCompile>
    <ClCompile Include="General\Utils.cpp">
      <Filter>Source Files\General</Filter>
    </ClCompile>
    <ClCompile Include="Assets\Assets.cpp">
      <Filter>Source Files\Assets</Filter>
    </ClCompile>
    <ClCompile Include="Assets\ChunkFile.cpp">
      <Filter>Source Files\Assets</Filter>
    </ClCompile>
    <ClCompile Include="Assets\Enumerate.cpp">
      <Filter>Source Files\Assets</Filter>
    </ClCompile>
    <ClCompile Include="Assets\FileIndex.cpp">
      <Filter>Source Files\Assets</Filter>
    </ClCompile>
    <ClCompile Include="Assets\Files.cpp">
      <Filter>Source Files\Assets</Filter>
    </ClCompile>
    <ClCompile Include="Assets\Maps.cpp">
      <Filter>Source Files\Assets</Filter>
    </ClCompile>
    <ClCompile Include="Assets\Maps_Detect.cpp">
      <Filter>Source Files\Assets</Filter>
    </ClCompile>
    <ClCompile Include="Assets\Maps_EaW.cpp">
      <Filter>Source Files\Assets</Filter>
    </ClCompile>
    <ClCompile Include="Assets\Maps_FoC.cpp">
      <Filter>Source Files\Assets</Filter>
    </ClCompile>
    <ClCompile Include="Assets\Models.cpp">
      <Filter>Source Files\Assets</Filter>
    </ClCompile>
    <ClCompile Include="Assets\MTD.cpp">
      <Filter>Source Files\Assets</Filter>
    </ClCompile>
    <ClCompile Include="Assets\ParticleSystem.cpp">
      <Filter>Source Files\Assets</Filter>
    </ClCompile>
    <ClCompile Include="Assets\StringList.cpp">
      <Filter>Source Files\Assets</Filter>
    </ClCompile>
    <ClCompile Include="Assets\XML.cpp">
      <Filter>Source Files\Assets</Filter>
    </ClCompile>
    <ClCompile Include="Assets\expat\xmlparse.c">
      <Filter>Source Files\Assets\expat</Filter>
    </ClCompile>
    <ClCompile Include="Assets\expat\xmlrole.c">
      <Filter>Source Files\Assets\expat</Filter>
    </ClCompile>
    <ClCompile Include="Assets\expat\xmltok.c">
      <Filter>Source Files\Assets\expat</Filter>
    </ClCompile>
    <ClCompile Include="lua-5.0.3\src\lapi.c">
      <Filter>Source Files\Lua</Filter>
    </ClCompile>
    <ClCompile Include="lua-5.0.3\src\lcode.c">
      <Filter>Source Files\Lua</Filter>
    </ClCompile>
    <ClCompile Include="lua-5.0.3\src\ldebug.c">
      <Filter>Source Files\Lua</Filter>
    </ClCompile>
    <ClCompile Include="lua-5.0.3\src\ldo.c">
      <Filter>Source Files\Lua</Filter>
    </ClCompile>
    <ClCompile Include="lua-5.0.3\src\ldump.c">
      <Filter>Source Files\Lua</Filter>
    </ClCompile>
    <ClCompile Include="lua-5.0.3\src\lfunc.c">
      <Filter>Source Files\Lua</Filter>
    </ClCompile>
    <ClCompile Include="lua-5.0.3\src\lgc.c">
      <Filter>Source Files\Lua</Filter>
    </ClCompile>
    <ClCompile Include="lua-5.0.3\src\llex.c">
      <Filter>Source Files\Lua</Filter>
    </ClCompile>
    <ClCompile Include="lua-5.0.3\src\lmem.c">
      <Filter>Source Files\Lua</Filter>
    </ClCompile>
    <ClCompile Include="lua-5.0.3\src\lobject.c">
      <Filter>Source Files\Lua</Filter>
    </ClCompile>
    <ClCompile Include="lua-5.0.3\src\lopcodes.c">
      <Filter>Source Files\Lua</Filter>
    </ClCompile>
    <ClCompile Include="lua-5.0.3\src\lparser.c">
      <Filter>Source Files\Lua</Filter>
    </ClCompile>
    <ClCompile Include="lua-5.0.3\src\lstate.c">
      <Filter>Source Files\Lua</Filter>
    </ClCompile>
    <ClCompile Include="lua-5.0.3\src\lstring.c">
      <Filter>Source Files\Lua</Filter>
    </ClCompile>
    <ClCompile Include="lua-5.0.3\src\ltable.c">
      <Filter>Source Files\Lua</Filter>
    </ClCompile>
    <ClCompile Include="lua-5.0.3\src\ltests.c">
      <Filter>Source Files\Lua</Filter>
    </ClCompile>
    <ClCompile Include="lua-5.0.3\src\ltm.c">
      <Filter>Source Files\Lua</Filter>
    </ClCompile>
    <ClCompile Include="lua-5.0.3\src\lundump.c">
      <Filter>Source Files\Lua</Filter>
    </ClCompile>
    <ClCompile Include="lua-5.0.3\src\lvm.c">
      <Filter>Source Files\Lua</Filter>
    </ClCompile>
    <ClCompile Include="lua-5.0.3\src\lzio.c">
      <Filter>Source Files\Lua</Filter>
    </ClCompile>
  </ItemGroup>
  <ItemGroup>
    <ClInclude Include="builtins.h">
      <Filter>Header Files</Filter>
    </ClInclude>
    <ClInclude Include="Assets\FileIndex.h">
      <Filter>Header Files</Filter>
    </ClInclude>
    <ClInclude Include="GameID.h">
      <Filter>Header Files</Filter>
    </ClInclude>
    <ClInclude Include="Mod.h">
      <Filter>Header Files</Filter>
    </ClInclude>
    <ClInclude Include="Tags.h">
      <Filter>Header Files</Filter>
    </ClInclude>
    <ClInclude Include="General\ExactTypes.h">
      <Filter>Header Files\General</Filter>
    </ClInclude>
    <ClInclude Include="General\Exceptions.h">
      <Filter>Header Files\General</Filter>
    </ClInclude>
    <ClInclude Include="General\Objects.h">
      <Filter>Header Files\General</Filter>
    </ClInclude>
    <ClInclude Include="General\Utils.h">
      <Filter>Header Files\General</Filter>
    </ClInclude>
    <ClInclude Include="Assets\Assets.h">
      <Filter>Header Files\Assets</Filter>
    </ClInclude>
    <ClInclude Include="Assets\ChunkFile.h">
      <Filter>Header Files\Assets</Filter>
    </ClInclude>
    <ClInclude Include="Assets\Files.h">
      <Filter>Header Files\Assets</Filter>
    </ClInclude>
    <ClInclude Include="Assets\Maps.h">
      <Filter>Header Files\Assets</Filter>
    </ClInclude>
    <ClInclude Include="Assets\Maps_Loading.h">
      <Filter>Header Files\Assets</Filter>
    </ClInclude>
    <ClInclude Include="Assets\Models.h">
      <Filter>Header Files\Assets</Filter>
    </ClInclude>
    <ClInclude Include="Assets\MTD.h">
      <Filter>Header Files\Assets</Filter>
    </ClInclude>
    <ClInclude Include="Assets\ParticleSystem.h">
      <Filter>Header Files\Assets</Filter>
    </ClInclude>
    <ClInclude Include="Assets\StringList.h">
      <Filter>Header Files\Assets</Filter>
    </ClInclude>
    <ClInclude Include="Assets\XML.h">
      <Filter>Header Files\Assets</Filter>
    </ClInclude>
    <ClInclude Include="Assets\expat\amigaconfig.h">
      <Filter>Header Files\Assets\expat</Filter>
    </ClInclude>
    <ClInclude Include="Assets\expat\ascii.h">
      <Filter>Header Files\Assets\expat</Filter>
    </ClInclude>
    <ClInclude Include="Assets\expat\asciitab.h">
      <Filter>Header Files\Assets\expat</Filter>
    </ClInclude>
    <ClInclude Include="Assets\expat\expat.h">
      <Filter>Header Files\Assets\expat</Filter>
    </ClInclude>
    <ClInclude Include="Assets\expat\expat_external.h">
      <Filter>Header Files\Assets\expat</Filter>
    </ClInclude>
    <ClInclude Include="Assets\expat\iasciitab.h">
      <Filter>Header Files\Assets\expat</Filter>
    </ClInclude>
    <ClInclude Include="Assets\expat\internal.h">
      <Filter>Header Files\Assets\expat</Filter>
    </ClInclude>
    <ClInclude Include="Assets\expat\latin1tab.h">
      <Filter>Header Files\Assets\expat</Filter>
    </ClInclude>
    <ClInclude Include="Assets\expat\macconfig.h">
      <Filter>Header Files\Assets\expat</Filter>
    </ClInclude>
    <ClInclude Include="Assets\expat\nametab.h">
      <Filter>Header Files\Assets\expat</Filter>
    </ClInclude>
    <ClInclude Include="Assets\expat\utf8tab.h">
      <Filter>Header Files\Assets\expat</Filter>
    </ClInclude>
    <ClInclude Include="Assets\expat\winconfig.h">
      <Filter>Header Files\Assets\expat</Filter>
    </ClInclude>
    <ClInclude Include="Assets\expat\xmlrole.h">
      <Filter>Header Files\Assets\expat</Filter>
    </ClInclude>
    <ClInclude Include="Assets\expat\xmltok.h">
      <Filter>Header Files\Assets\expat</Filter>
    </ClInclude>
    <ClInclude Include="Assets\expat\xmltok_impl.h">
      <Filter>Header Files\Assets\expat</Filter>
    </ClInclude>
  </ItemGroup>
</Project>